// !$*UTF8*$!
{
	archiveVersion = 1;
	classes = {
	};
	objectVersion = 46;
	objects = {

/* Begin PBXBuildFile section */
		3CBA17F524B1A6C9001CF6DB /* LaunchScreen.storyboard in Resources */ = {isa = PBXBuildFile; fileRef = 3CBA17F424B1A6C9001CF6DB /* LaunchScreen.storyboard */; };
		3CD4FDA224AF9DA100942565 /* DeviceConsole.m in Sources */ = {isa = PBXBuildFile; fileRef = 3CD4FDA124AF9DA100942565 /* DeviceConsole.m */; };
		744E721C25FC87F1004FADCF /* datagram_pump.cpp in Sources */ = {isa = PBXBuildFile; fileRef = 744E721A25FC87F1004FADCF /* datagram_pump.cpp */; };
		745F14AF25F0F5A7007F2059 /* test_inet.cpp in Sources */ = {isa = PBXBuildFile; fileRef = 745F14AE25F0F5A7007F2059 /* test_inet.cpp */; };
		93C4A2A816A013F000D3C820 /* UIKit.framework in Frameworks */ = {isa = PBXBuildFile; fileRef = 93C4A2A716A013F000D3C820 /* UIKit.framework */; };
		93C4A2AA16A013F000D3C820 /* Foundation.framework in Frameworks */ = {isa = PBXBuildFile; fileRef = 93C4A2A916A013F000D3C820 /* Foundation.framework */; };
		93C4A2AC16A013F000D3C820 /* CoreGraphics.framework in Frameworks */ = {isa = PBXBuildFile; fileRef = 93C4A2AB16A013F000D3C820 /* CoreGraphics.framework */; };
		93C4A2B216A013F000D3C820 /* InfoPlist.strings in Resources */ = {isa = PBXBuildFile; fileRef = 93C4A2B016A013F000D3C820 /* InfoPlist.strings */; };
		93C4A2B816A013F000D3C820 /* AppDelegate.mm in Sources */ = {isa = PBXBuildFile; fileRef = 93C4A2B716A013F000D3C820 /* AppDelegate.mm */; };
		93C4A2BB16A013F000D3C820 /* ViewController.mm in Sources */ = {isa = PBXBuildFile; fileRef = 93C4A2BA16A013F000D3C820 /* ViewController.mm */; };
		9425156224AD007D00A8222C /* test_api.cpp in Sources */ = {isa = PBXBuildFile; fileRef = 9425155A24AD007B00A8222C /* test_api.cpp */; };
		9425156324AD007D00A8222C /* test_perf.cpp in Sources */ = {isa = PBXBuildFile; fileRef = 9425155B24AD007B00A8222C /* test_perf.cpp */; };
		9425156424AD007D00A8222C /* test_botan.cpp in Sources */ = {isa = PBXBuildFile; fileRef = 9425155C24AD007B00A8222C /* test_botan.cpp */; };
		9425156624AD007D00A8222C /* entrypoint.cpp in Sources */ = {isa = PBXBuildFile; fileRef = 9425155F24AD007C00A8222C /* entrypoint.cpp */; };
		9425156724AD007D00A8222C /* test_http.cpp in Sources */ = {isa = PBXBuildFile; fileRef = 9425156024AD007C00A8222C /* test_http.cpp */; };
		9425156824AD007D00A8222C /* experiments.cpp in Sources */ = {isa = PBXBuildFile; fileRef = 9425156124AD007C00A8222C /* experiments.cpp */; };
		9425156A24AD00C000A8222C /* lib_inc.c in Sources */ = {isa = PBXBuildFile; fileRef = 9425156924AD00BF00A8222C /* lib_inc.c */; };
		9425156C24AD00D500A8222C /* experiments.cpp in Sources */ = {isa = PBXBuildFile; fileRef = 9425156B24AD00D500A8222C /* experiments.cpp */; };
		9425157024AD00F400A8222C /* botan.cpp in Sources */ = {isa = PBXBuildFile; fileRef = 9425156E24AD00F400A8222C /* botan.cpp */; };
		9425157A24AD010900A8222C /* http_client.cpp in Sources */ = {isa = PBXBuildFile; fileRef = 9425157224AD010800A8222C /* http_client.cpp */; };
		9425157B24AD010900A8222C /* tinyhttpd.cpp in Sources */ = {isa = PBXBuildFile; fileRef = 9425157424AD010800A8222C /* tinyhttpd.cpp */; };
		9425157C24AD010900A8222C /* tinyhttpd_fileserv.cpp in Sources */ = {isa = PBXBuildFile; fileRef = 9425157624AD010800A8222C /* tinyhttpd_fileserv.cpp */; };
		9425157D24AD010900A8222C /* inet.cpp in Sources */ = {isa = PBXBuildFile; fileRef = 9425157824AD010800A8222C /* inet.cpp */; };
		9425158E24AD013800A8222C /* objc_wrap.mm in Sources */ = {isa = PBXBuildFile; fileRef = 9425157F24AD013700A8222C /* objc_wrap.mm */; };
		9425158F24AD013800A8222C /* user_inputs.cpp in Sources */ = {isa = PBXBuildFile; fileRef = 9425158324AD013800A8222C /* user_inputs.cpp */; };
		9425159024AD013800A8222C /* kernel.cpp in Sources */ = {isa = PBXBuildFile; fileRef = 9425158524AD013800A8222C /* kernel.cpp */; };
		9425159124AD013800A8222C /* multi_thread.cpp in Sources */ = {isa = PBXBuildFile; fileRef = 9425158924AD013800A8222C /* multi_thread.cpp */; };
		9425159224AD013800A8222C /* file_dir.cpp in Sources */ = {isa = PBXBuildFile; fileRef = 9425158A24AD013800A8222C /* file_dir.cpp */; };
		9425159324AD013800A8222C /* kernal_encode.cpp in Sources */ = {isa = PBXBuildFile; fileRef = 9425158B24AD013800A8222C /* kernal_encode.cpp */; };
		9425159424AD013800A8222C /* file_zip.cpp in Sources */ = {isa = PBXBuildFile; fileRef = 9425158C24AD013800A8222C /* file_zip.cpp */; };
		9425159524AD013800A8222C /* kernel_log.cpp in Sources */ = {isa = PBXBuildFile; fileRef = 9425158D24AD013800A8222C /* kernel_log.cpp */; };
		942515A024AD015800A8222C /* xml_xhtml.cpp in Sources */ = {isa = PBXBuildFile; fileRef = 9425159C24AD015800A8222C /* xml_xhtml.cpp */; };
		942515A124AD015800A8222C /* json.cpp in Sources */ = {isa = PBXBuildFile; fileRef = 9425159D24AD015800A8222C /* json.cpp */; };
		942515A824AD0A3200A8222C /* precompiler.cpp in Sources */ = {isa = PBXBuildFile; fileRef = 942515A724AD0A3200A8222C /* precompiler.cpp */; };
		942515AA24AD0AAB00A8222C /* test_ext.cpp in Sources */ = {isa = PBXBuildFile; fileRef = 942515A924AD0AAB00A8222C /* test_ext.cpp */; };
		942515AD24AD0D7D00A8222C /* exprtk.cpp in Sources */ = {isa = PBXBuildFile; fileRef = 942515AC24AD0D7D00A8222C /* exprtk.cpp */; };
		9455454A24BAD6F9009A9796 /* rocksdb.cpp in Sources */ = {isa = PBXBuildFile; fileRef = 9455454924BAD6F9009A9796 /* rocksdb.cpp */; };
		9455456324BAEC0B009A9796 /* Security.framework in Frameworks */ = {isa = PBXBuildFile; fileRef = 9455454024BACAF9009A9796 /* Security.framework */; };
		94EA1D7D24B19FD0005BD2C7 /* main.mm in Sources */ = {isa = PBXBuildFile; fileRef = 94EA1D7C24B19FD0005BD2C7 /* main.mm */; };
/* End PBXBuildFile section */

/* Begin PBXFileReference section */
		3CBA17F424B1A6C9001CF6DB /* LaunchScreen.storyboard */ = {isa = PBXFileReference; fileEncoding = 4; lastKnownFileType = file.storyboard; path = LaunchScreen.storyboard; sourceTree = "<group>"; };
		3CBA17F624B1ABFB001CF6DB /* TXTUIMacros.h */ = {isa = PBXFileReference; lastKnownFileType = sourcecode.c.h; path = TXTUIMacros.h; sourceTree = "<group>"; };
		3CD4FDA024AF9DA100942565 /* DeviceConsole.h */ = {isa = PBXFileReference; fileEncoding = 4; lastKnownFileType = sourcecode.c.h; path = DeviceConsole.h; sourceTree = "<group>"; };
		3CD4FDA124AF9DA100942565 /* DeviceConsole.m */ = {isa = PBXFileReference; fileEncoding = 4; lastKnownFileType = sourcecode.c.objc; path = DeviceConsole.m; sourceTree = "<group>"; };
		744E721A25FC87F1004FADCF /* datagram_pump.cpp */ = {isa = PBXFileReference; fileEncoding = 4; lastKnownFileType = sourcecode.cpp.cpp; name = datagram_pump.cpp; path = ../../../core/inet/datagram_pump.cpp; sourceTree = "<group>"; };
		744E721B25FC87F1004FADCF /* datagram_pump.h */ = {isa = PBXFileReference; fileEncoding = 4; lastKnownFileType = sourcecode.c.h; name = datagram_pump.h; path = ../../../core/inet/datagram_pump.h; sourceTree = "<group>"; };
		745F14AE25F0F5A7007F2059 /* test_inet.cpp */ = {isa = PBXFileReference; fileEncoding = 4; lastKnownFileType = sourcecode.cpp.cpp; name = test_inet.cpp; path = ../../tests/test_inet.cpp; sourceTree = "<group>"; };
		93C4A2A316A013F000D3C820 /* tester.app */ = {isa = PBXFileReference; explicitFileType = wrapper.application; includeInIndex = 0; path = tester.app; sourceTree = BUILT_PRODUCTS_DIR; };
		93C4A2A716A013F000D3C820 /* UIKit.framework */ = {isa = PBXFileReference; lastKnownFileType = wrapper.framework; name = UIKit.framework; path = System/Library/Frameworks/UIKit.framework; sourceTree = SDKROOT; };
		93C4A2A916A013F000D3C820 /* Foundation.framework */ = {isa = PBXFileReference; lastKnownFileType = wrapper.framework; name = Foundation.framework; path = System/Library/Frameworks/Foundation.framework; sourceTree = SDKROOT; };
		93C4A2AB16A013F000D3C820 /* CoreGraphics.framework */ = {isa = PBXFileReference; lastKnownFileType = wrapper.framework; name = CoreGraphics.framework; path = System/Library/Frameworks/CoreGraphics.framework; sourceTree = SDKROOT; };
		93C4A2AF16A013F000D3C820 /* tester-Info.plist */ = {isa = PBXFileReference; lastKnownFileType = text.plist.xml; path = "tester-Info.plist"; sourceTree = "<group>"; };
		93C4A2B116A013F000D3C820 /* en */ = {isa = PBXFileReference; lastKnownFileType = text.plist.strings; name = en; path = en.lproj/InfoPlist.strings; sourceTree = "<group>"; };
		93C4A2B516A013F000D3C820 /* tester-Prefix.pch */ = {isa = PBXFileReference; lastKnownFileType = sourcecode.c.h; path = "tester-Prefix.pch"; sourceTree = "<group>"; };
		93C4A2B616A013F000D3C820 /* AppDelegate.h */ = {isa = PBXFileReference; lastKnownFileType = sourcecode.c.h; path = AppDelegate.h; sourceTree = "<group>"; };
		93C4A2B716A013F000D3C820 /* AppDelegate.mm */ = {isa = PBXFileReference; lastKnownFileType = sourcecode.cpp.objcpp; path = AppDelegate.mm; sourceTree = "<group>"; };
		93C4A2B916A013F000D3C820 /* ViewController.h */ = {isa = PBXFileReference; lastKnownFileType = sourcecode.c.h; path = ViewController.h; sourceTree = "<group>"; };
		93C4A2BA16A013F000D3C820 /* ViewController.mm */ = {isa = PBXFileReference; lastKnownFileType = sourcecode.cpp.objcpp; path = ViewController.mm; sourceTree = "<group>"; };
		93F4DCAC1A6278F60000C706 /* AdSupport.framework */ = {isa = PBXFileReference; lastKnownFileType = wrapper.framework; name = AdSupport.framework; path = System/Library/Frameworks/AdSupport.framework; sourceTree = SDKROOT; };
		9425155A24AD007B00A8222C /* test_api.cpp */ = {isa = PBXFileReference; fileEncoding = 4; lastKnownFileType = sourcecode.cpp.cpp; name = test_api.cpp; path = ../../tests/test_api.cpp; sourceTree = "<group>"; };
		9425155B24AD007B00A8222C /* test_perf.cpp */ = {isa = PBXFileReference; fileEncoding = 4; lastKnownFileType = sourcecode.cpp.cpp; name = test_perf.cpp; path = ../../tests/test_perf.cpp; sourceTree = "<group>"; };
		9425155C24AD007B00A8222C /* test_botan.cpp */ = {isa = PBXFileReference; fileEncoding = 4; lastKnownFileType = sourcecode.cpp.cpp; name = test_botan.cpp; path = ../../tests/test_botan.cpp; sourceTree = "<group>"; };
		9425155E24AD007C00A8222C /* test.h */ = {isa = PBXFileReference; fileEncoding = 4; lastKnownFileType = sourcecode.c.h; name = test.h; path = ../../tests/test.h; sourceTree = "<group>"; };
		9425155F24AD007C00A8222C /* entrypoint.cpp */ = {isa = PBXFileReference; fileEncoding = 4; lastKnownFileType = sourcecode.cpp.cpp; name = entrypoint.cpp; path = ../../tests/entrypoint.cpp; sourceTree = "<group>"; };
		9425156024AD007C00A8222C /* test_http.cpp */ = {isa = PBXFileReference; fileEncoding = 4; lastKnownFileType = sourcecode.cpp.cpp; name = test_http.cpp; path = ../../tests/test_http.cpp; sourceTree = "<group>"; };
		9425156124AD007C00A8222C /* experiments.cpp */ = {isa = PBXFileReference; fileEncoding = 4; lastKnownFileType = sourcecode.cpp.cpp; name = experiments.cpp; path = ../../tests/experiments.cpp; sourceTree = "<group>"; };
		9425156924AD00BF00A8222C /* lib_inc.c */ = {isa = PBXFileReference; fileEncoding = 4; lastKnownFileType = sourcecode.c.c; name = lib_inc.c; path = ../../../core/ext/lib_inc.c; sourceTree = "<group>"; };
		9425156B24AD00D500A8222C /* experiments.cpp */ = {isa = PBXFileReference; fileEncoding = 4; lastKnownFileType = sourcecode.cpp.cpp; name = experiments.cpp; path = ../../tests/experiments.cpp; sourceTree = "<group>"; };
		9425156D24AD00F400A8222C /* botan.h */ = {isa = PBXFileReference; fileEncoding = 4; lastKnownFileType = sourcecode.c.h; name = botan.h; path = ../../../core/ext/botan/botan.h; sourceTree = "<group>"; };
		9425156E24AD00F400A8222C /* botan.cpp */ = {isa = PBXFileReference; fileEncoding = 4; lastKnownFileType = sourcecode.cpp.cpp; name = botan.cpp; path = ../../../core/ext/botan/botan.cpp; sourceTree = "<group>"; };
		9425157224AD010800A8222C /* http_client.cpp */ = {isa = PBXFileReference; fileEncoding = 4; lastKnownFileType = sourcecode.cpp.cpp; name = http_client.cpp; path = ../../../core/inet/http_client.cpp; sourceTree = "<group>"; };
		9425157324AD010800A8222C /* tinyhttpd.h */ = {isa = PBXFileReference; fileEncoding = 4; lastKnownFileType = sourcecode.c.h; name = tinyhttpd.h; path = ../../../core/inet/tinyhttpd.h; sourceTree = "<group>"; };
		9425157424AD010800A8222C /* tinyhttpd.cpp */ = {isa = PBXFileReference; fileEncoding = 4; lastKnownFileType = sourcecode.cpp.cpp; name = tinyhttpd.cpp; path = ../../../core/inet/tinyhttpd.cpp; sourceTree = "<group>"; };
		9425157524AD010800A8222C /* http_client.h */ = {isa = PBXFileReference; fileEncoding = 4; lastKnownFileType = sourcecode.c.h; name = http_client.h; path = ../../../core/inet/http_client.h; sourceTree = "<group>"; };
		9425157624AD010800A8222C /* tinyhttpd_fileserv.cpp */ = {isa = PBXFileReference; fileEncoding = 4; lastKnownFileType = sourcecode.cpp.cpp; name = tinyhttpd_fileserv.cpp; path = ../../../core/inet/tinyhttpd_fileserv.cpp; sourceTree = "<group>"; };
		9425157724AD010800A8222C /* tinyhttpd_fileserv.h */ = {isa = PBXFileReference; fileEncoding = 4; lastKnownFileType = sourcecode.c.h; name = tinyhttpd_fileserv.h; path = ../../../core/inet/tinyhttpd_fileserv.h; sourceTree = "<group>"; };
		9425157824AD010800A8222C /* inet.cpp */ = {isa = PBXFileReference; fileEncoding = 4; lastKnownFileType = sourcecode.cpp.cpp; name = inet.cpp; path = ../../../core/inet/inet.cpp; sourceTree = "<group>"; };
		9425157924AD010900A8222C /* inet.h */ = {isa = PBXFileReference; fileEncoding = 4; lastKnownFileType = sourcecode.c.h; name = inet.h; path = ../../../core/inet/inet.h; sourceTree = "<group>"; };
		9425157E24AD013700A8222C /* file_dir.h */ = {isa = PBXFileReference; fileEncoding = 4; lastKnownFileType = sourcecode.c.h; name = file_dir.h; path = ../../../core/os/file_dir.h; sourceTree = "<group>"; };
		9425157F24AD013700A8222C /* objc_wrap.mm */ = {isa = PBXFileReference; fileEncoding = 4; lastKnownFileType = sourcecode.cpp.objcpp; name = objc_wrap.mm; path = ../../../core/os/objc_wrap.mm; sourceTree = "<group>"; };
		9425158024AD013700A8222C /* predefines.h */ = {isa = PBXFileReference; fileEncoding = 4; lastKnownFileType = sourcecode.c.h; name = predefines.h; path = ../../../core/os/predefines.h; sourceTree = "<group>"; };
		9425158124AD013700A8222C /* kernel.h */ = {isa = PBXFileReference; fileEncoding = 4; lastKnownFileType = sourcecode.c.h; name = kernel.h; path = ../../../core/os/kernel.h; sourceTree = "<group>"; };
		9425158224AD013700A8222C /* file_zip.h */ = {isa = PBXFileReference; fileEncoding = 4; lastKnownFileType = sourcecode.c.h; name = file_zip.h; path = ../../../core/os/file_zip.h; sourceTree = "<group>"; };
		9425158324AD013800A8222C /* user_inputs.cpp */ = {isa = PBXFileReference; fileEncoding = 4; lastKnownFileType = sourcecode.cpp.cpp; name = user_inputs.cpp; path = ../../../core/os/user_inputs.cpp; sourceTree = "<group>"; };
		9425158424AD013800A8222C /* multi_thread.h */ = {isa = PBXFileReference; fileEncoding = 4; lastKnownFileType = sourcecode.c.h; name = multi_thread.h; path = ../../../core/os/multi_thread.h; sourceTree = "<group>"; };
		9425158524AD013800A8222C /* kernel.cpp */ = {isa = PBXFileReference; fileEncoding = 4; lastKnownFileType = sourcecode.cpp.cpp; name = kernel.cpp; path = ../../../core/os/kernel.cpp; sourceTree = "<group>"; };
		9425158624AD013800A8222C /* platform.h */ = {isa = PBXFileReference; fileEncoding = 4; lastKnownFileType = sourcecode.c.h; name = platform.h; path = ../../../core/os/platform.h; sourceTree = "<group>"; };
		9425158724AD013800A8222C /* user_inputs.h */ = {isa = PBXFileReference; fileEncoding = 4; lastKnownFileType = sourcecode.c.h; name = user_inputs.h; path = ../../../core/os/user_inputs.h; sourceTree = "<group>"; };
		9425158824AD013800A8222C /* thread_primitive.h */ = {isa = PBXFileReference; fileEncoding = 4; lastKnownFileType = sourcecode.c.h; name = thread_primitive.h; path = ../../../core/os/thread_primitive.h; sourceTree = "<group>"; };
		9425158924AD013800A8222C /* multi_thread.cpp */ = {isa = PBXFileReference; fileEncoding = 4; lastKnownFileType = sourcecode.cpp.cpp; name = multi_thread.cpp; path = ../../../core/os/multi_thread.cpp; sourceTree = "<group>"; };
		9425158A24AD013800A8222C /* file_dir.cpp */ = {isa = PBXFileReference; fileEncoding = 4; lastKnownFileType = sourcecode.cpp.cpp; name = file_dir.cpp; path = ../../../core/os/file_dir.cpp; sourceTree = "<group>"; };
		9425158B24AD013800A8222C /* kernal_encode.cpp */ = {isa = PBXFileReference; fileEncoding = 4; lastKnownFileType = sourcecode.cpp.cpp; name = kernal_encode.cpp; path = ../../../core/os/kernal_encode.cpp; sourceTree = "<group>"; };
		9425158C24AD013800A8222C /* file_zip.cpp */ = {isa = PBXFileReference; fileEncoding = 4; lastKnownFileType = sourcecode.cpp.cpp; name = file_zip.cpp; path = ../../../core/os/file_zip.cpp; sourceTree = "<group>"; };
		9425158D24AD013800A8222C /* kernel_log.cpp */ = {isa = PBXFileReference; fileEncoding = 4; lastKnownFileType = sourcecode.cpp.cpp; name = kernel_log.cpp; path = ../../../core/os/kernel_log.cpp; sourceTree = "<group>"; };
		9425159624AD015700A8222C /* string_type_ops.h */ = {isa = PBXFileReference; fileEncoding = 4; lastKnownFileType = sourcecode.c.h; name = string_type_ops.h; path = ../../../core/rt/string_type_ops.h; sourceTree = "<group>"; };
		9425159724AD015700A8222C /* json.h */ = {isa = PBXFileReference; fileEncoding = 4; lastKnownFileType = sourcecode.c.h; name = json.h; path = ../../../core/rt/json.h; sourceTree = "<group>"; };
		9425159824AD015700A8222C /* type_traits.h */ = {isa = PBXFileReference; fileEncoding = 4; lastKnownFileType = sourcecode.c.h; name = type_traits.h; path = ../../../core/rt/type_traits.h; sourceTree = "<group>"; };
		9425159924AD015800A8222C /* string_type.h */ = {isa = PBXFileReference; fileEncoding = 4; lastKnownFileType = sourcecode.c.h; name = string_type.h; path = ../../../core/rt/string_type.h; sourceTree = "<group>"; };
		9425159A24AD015800A8222C /* runtime_base.h */ = {isa = PBXFileReference; fileEncoding = 4; lastKnownFileType = sourcecode.c.h; name = runtime_base.h; path = ../../../core/rt/runtime_base.h; sourceTree = "<group>"; };
		9425159B24AD015800A8222C /* xml_xhtml.h */ = {isa = PBXFileReference; fileEncoding = 4; lastKnownFileType = sourcecode.c.h; name = xml_xhtml.h; path = ../../../core/rt/xml_xhtml.h; sourceTree = "<group>"; };
		9425159C24AD015800A8222C /* xml_xhtml.cpp */ = {isa = PBXFileReference; fileEncoding = 4; lastKnownFileType = sourcecode.cpp.cpp; name = xml_xhtml.cpp; path = ../../../core/rt/xml_xhtml.cpp; sourceTree = "<group>"; };
		9425159D24AD015800A8222C /* json.cpp */ = {isa = PBXFileReference; fileEncoding = 4; lastKnownFileType = sourcecode.cpp.cpp; name = json.cpp; path = ../../../core/rt/json.cpp; sourceTree = "<group>"; };
		9425159E24AD015800A8222C /* buffer_type.h */ = {isa = PBXFileReference; fileEncoding = 4; lastKnownFileType = sourcecode.c.h; name = buffer_type.h; path = ../../../core/rt/buffer_type.h; sourceTree = "<group>"; };
		9425159F24AD015800A8222C /* small_math.h */ = {isa = PBXFileReference; fileEncoding = 4; lastKnownFileType = sourcecode.c.h; name = small_math.h; path = ../../../core/rt/small_math.h; sourceTree = "<group>"; };
		942515A624AD0A3100A8222C /* precompiler.h */ = {isa = PBXFileReference; fileEncoding = 4; lastKnownFileType = sourcecode.c.h; name = precompiler.h; path = ../../../core/os/precompiler.h; sourceTree = "<group>"; };
		942515A724AD0A3200A8222C /* precompiler.cpp */ = {isa = PBXFileReference; fileEncoding = 4; lastKnownFileType = sourcecode.cpp.cpp; name = precompiler.cpp; path = ../../../core/os/precompiler.cpp; sourceTree = "<group>"; };
		942515A924AD0AAB00A8222C /* test_ext.cpp */ = {isa = PBXFileReference; fileEncoding = 4; lastKnownFileType = sourcecode.cpp.cpp; name = test_ext.cpp; path = ../../tests/test_ext.cpp; sourceTree = "<group>"; };
		942515AB24AD0D7D00A8222C /* exprtk.h */ = {isa = PBXFileReference; fileEncoding = 4; lastKnownFileType = sourcecode.c.h; name = exprtk.h; path = ../../core/ext/exprtk/exprtk.h; sourceTree = "<group>"; };
		942515AC24AD0D7D00A8222C /* exprtk.cpp */ = {isa = PBXFileReference; fileEncoding = 4; lastKnownFileType = sourcecode.cpp.cpp; name = exprtk.cpp; path = ../../core/ext/exprtk/exprtk.cpp; sourceTree = "<group>"; };
		9455454024BACAF9009A9796 /* Security.framework */ = {isa = PBXFileReference; lastKnownFileType = wrapper.framework; name = Security.framework; path = System/Library/Frameworks/Security.framework; sourceTree = SDKROOT; };
		9455454824BAD6F9009A9796 /* rocksdb.h */ = {isa = PBXFileReference; fileEncoding = 4; lastKnownFileType = sourcecode.c.h; name = rocksdb.h; path = ../../core/ext/rocksdb/rocksdb.h; sourceTree = "<group>"; };
		9455454924BAD6F9009A9796 /* rocksdb.cpp */ = {isa = PBXFileReference; fileEncoding = 4; lastKnownFileType = sourcecode.cpp.cpp; name = rocksdb.cpp; path = ../../core/ext/rocksdb/rocksdb.cpp; sourceTree = "<group>"; };
		94EA1D7C24B19FD0005BD2C7 /* main.mm */ = {isa = PBXFileReference; fileEncoding = 4; lastKnownFileType = sourcecode.cpp.objcpp; path = main.mm; sourceTree = "<group>"; };
		94FEE4B719C162D9002E9EC3 /* Default.png */ = {isa = PBXFileReference; lastKnownFileType = image.png; path = Default.png; sourceTree = "<group>"; };
		94FEE4BA19C16573002E9EC3 /* Icon.png */ = {isa = PBXFileReference; lastKnownFileType = image.png; path = Icon.png; sourceTree = "<group>"; };
/* End PBXFileReference section */

/* Begin PBXFrameworksBuildPhase section */
		93C4A2A016A013F000D3C820 /* Frameworks */ = {
			isa = PBXFrameworksBuildPhase;
			buildActionMask = 2147483647;
			files = (
				93C4A2A816A013F000D3C820 /* UIKit.framework in Frameworks */,
				93C4A2AA16A013F000D3C820 /* Foundation.framework in Frameworks */,
				9455456324BAEC0B009A9796 /* Security.framework in Frameworks */,
				93C4A2AC16A013F000D3C820 /* CoreGraphics.framework in Frameworks */,
			);
			runOnlyForDeploymentPostprocessing = 0;
		};
/* End PBXFrameworksBuildPhase section */

/* Begin PBXGroup section */
		3CD4FD9F24AF9D8A00942565 /* DeviceConsole */ = {
			isa = PBXGroup;
			children = (
				3CD4FDA024AF9DA100942565 /* DeviceConsole.h */,
				3CD4FDA124AF9DA100942565 /* DeviceConsole.m */,
			);
			name = DeviceConsole;
			sourceTree = "<group>";
		};
		93C4A29816A013F000D3C820 = {
			isa = PBXGroup;
			children = (
				94FEE4BA19C16573002E9EC3 /* Icon.png */,
				94FEE4B719C162D9002E9EC3 /* Default.png */,
				93C4A2AD16A013F000D3C820 /* tester */,
				93C4A2A616A013F000D3C820 /* Frameworks */,
				93C4A2A416A013F000D3C820 /* Products */,
			);
			sourceTree = "<group>";
		};
		93C4A2A416A013F000D3C820 /* Products */ = {
			isa = PBXGroup;
			children = (
				93C4A2A316A013F000D3C820 /* tester.app */,
			);
			name = Products;
			sourceTree = "<group>";
		};
		93C4A2A616A013F000D3C820 /* Frameworks */ = {
			isa = PBXGroup;
			children = (
				9455454024BACAF9009A9796 /* Security.framework */,
				93F4DCAC1A6278F60000C706 /* AdSupport.framework */,
				93C4A2A716A013F000D3C820 /* UIKit.framework */,
				93C4A2A916A013F000D3C820 /* Foundation.framework */,
				93C4A2AB16A013F000D3C820 /* CoreGraphics.framework */,
			);
			name = Frameworks;
			sourceTree = "<group>";
		};
		93C4A2AD16A013F000D3C820 /* tester */ = {
			isa = PBXGroup;
			children = (
				745F14AE25F0F5A7007F2059 /* test_inet.cpp */,
				9425156B24AD00D500A8222C /* experiments.cpp */,
				9425156924AD00BF00A8222C /* lib_inc.c */,
				9425155F24AD007C00A8222C /* entrypoint.cpp */,
				9425156124AD007C00A8222C /* experiments.cpp */,
				9425155A24AD007B00A8222C /* test_api.cpp */,
				9425155C24AD007B00A8222C /* test_botan.cpp */,
				9425156024AD007C00A8222C /* test_http.cpp */,
				942515A924AD0AAB00A8222C /* test_ext.cpp */,
				9425155B24AD007B00A8222C /* test_perf.cpp */,
				9425155E24AD007C00A8222C /* test.h */,
				3CD4FD9F24AF9D8A00942565 /* DeviceConsole */,
				93C4A2EB16A0158100D3C820 /* botan */,
				93C4A2DE16A0154D00D3C820 /* inet */,
				942515A224AD07D700A8222C /* externs */,
				93C4A2D116A0152900D3C820 /* os */,
				93C4A2C916A0150000D3C820 /* rt */,
				93C4A2B616A013F000D3C820 /* AppDelegate.h */,
				93C4A2B716A013F000D3C820 /* AppDelegate.mm */,
				93C4A2B916A013F000D3C820 /* ViewController.h */,
				93C4A2BA16A013F000D3C820 /* ViewController.mm */,
				3CBA17F624B1ABFB001CF6DB /* TXTUIMacros.h */,
				3CBA17F424B1A6C9001CF6DB /* LaunchScreen.storyboard */,
				93C4A2AE16A013F000D3C820 /* Supporting Files */,
			);
			path = tester;
			sourceTree = "<group>";
		};
		93C4A2AE16A013F000D3C820 /* Supporting Files */ = {
			isa = PBXGroup;
			children = (
				94EA1D7C24B19FD0005BD2C7 /* main.mm */,
				93C4A2AF16A013F000D3C820 /* tester-Info.plist */,
				93C4A2B016A013F000D3C820 /* InfoPlist.strings */,
				93C4A2B516A013F000D3C820 /* tester-Prefix.pch */,
			);
			name = "Supporting Files";
			sourceTree = "<group>";
		};
		93C4A2C916A0150000D3C820 /* rt */ = {
			isa = PBXGroup;
			children = (
				9425159E24AD015800A8222C /* buffer_type.h */,
				9425159D24AD015800A8222C /* json.cpp */,
				9425159724AD015700A8222C /* json.h */,
				9425159A24AD015800A8222C /* runtime_base.h */,
				9425159F24AD015800A8222C /* small_math.h */,
				9425159624AD015700A8222C /* string_type_ops.h */,
				9425159924AD015800A8222C /* string_type.h */,
				9425159824AD015700A8222C /* type_traits.h */,
				9425159C24AD015800A8222C /* xml_xhtml.cpp */,
				9425159B24AD015800A8222C /* xml_xhtml.h */,
			);
			name = rt;
			sourceTree = "<group>";
		};
		93C4A2D116A0152900D3C820 /* os */ = {
			isa = PBXGroup;
			children = (
				942515A724AD0A3200A8222C /* precompiler.cpp */,
				942515A624AD0A3100A8222C /* precompiler.h */,
				9425158A24AD013800A8222C /* file_dir.cpp */,
				9425157E24AD013700A8222C /* file_dir.h */,
				9425158C24AD013800A8222C /* file_zip.cpp */,
				9425158224AD013700A8222C /* file_zip.h */,
				9425158B24AD013800A8222C /* kernal_encode.cpp */,
				9425158D24AD013800A8222C /* kernel_log.cpp */,
				9425158524AD013800A8222C /* kernel.cpp */,
				9425158124AD013700A8222C /* kernel.h */,
				9425158924AD013800A8222C /* multi_thread.cpp */,
				9425158424AD013800A8222C /* multi_thread.h */,
				9425157F24AD013700A8222C /* objc_wrap.mm */,
				9425158624AD013800A8222C /* platform.h */,
				9425158024AD013700A8222C /* predefines.h */,
				9425158824AD013800A8222C /* thread_primitive.h */,
				9425158324AD013800A8222C /* user_inputs.cpp */,
				9425158724AD013800A8222C /* user_inputs.h */,
			);
			name = os;
			sourceTree = "<group>";
		};
		93C4A2DE16A0154D00D3C820 /* inet */ = {
			isa = PBXGroup;
			children = (
				744E721A25FC87F1004FADCF /* datagram_pump.cpp */,
				744E721B25FC87F1004FADCF /* datagram_pump.h */,
				9425157224AD010800A8222C /* http_client.cpp */,
				9425157524AD010800A8222C /* http_client.h */,
				9425157824AD010800A8222C /* inet.cpp */,
				9425157924AD010900A8222C /* inet.h */,
				9425157624AD010800A8222C /* tinyhttpd_fileserv.cpp */,
				9425157724AD010800A8222C /* tinyhttpd_fileserv.h */,
				9425157424AD010800A8222C /* tinyhttpd.cpp */,
				9425157324AD010800A8222C /* tinyhttpd.h */,
			);
			name = inet;
			sourceTree = "<group>";
		};
		93C4A2EB16A0158100D3C820 /* botan */ = {
			isa = PBXGroup;
			children = (
				9425156E24AD00F400A8222C /* botan.cpp */,
				9425156D24AD00F400A8222C /* botan.h */,
			);
			name = botan;
			sourceTree = "<group>";
		};
		942515A224AD07D700A8222C /* externs */ = {
			isa = PBXGroup;
			children = (
				9455454924BAD6F9009A9796 /* rocksdb.cpp */,
				9455454824BAD6F9009A9796 /* rocksdb.h */,
				942515AC24AD0D7D00A8222C /* exprtk.cpp */,
				942515AB24AD0D7D00A8222C /* exprtk.h */,
			);
			name = externs;
			path = ..;
			sourceTree = "<group>";
		};
/* End PBXGroup section */

/* Begin PBXNativeTarget section */
		93C4A2A216A013F000D3C820 /* tester */ = {
			isa = PBXNativeTarget;
			buildConfigurationList = 93C4A2C116A013F000D3C820 /* Build configuration list for PBXNativeTarget "tester" */;
			buildPhases = (
				93C4A29F16A013F000D3C820 /* Sources */,
				93C4A2A016A013F000D3C820 /* Frameworks */,
				93C4A2A116A013F000D3C820 /* Resources */,
			);
			buildRules = (
			);
			dependencies = (
			);
			name = tester;
			productName = tester;
			productReference = 93C4A2A316A013F000D3C820 /* tester.app */;
			productType = "com.apple.product-type.application";
		};
/* End PBXNativeTarget section */

/* Begin PBXProject section */
		93C4A29A16A013F000D3C820 /* Project object */ = {
			isa = PBXProject;
			attributes = {
				LastUpgradeCheck = 0510;
				TargetAttributes = {
					93C4A2A216A013F000D3C820 = {
						DevelopmentTeam = S9Q5ACPK4D;
						SystemCapabilities = {
							com.apple.BackgroundModes = {
								enabled = 1;
							};
						};
					};
				};
			};
			buildConfigurationList = 93C4A29D16A013F000D3C820 /* Build configuration list for PBXProject "tester" */;
			compatibilityVersion = "Xcode 3.2";
			developmentRegion = English;
			hasScannedForEncodings = 0;
			knownRegions = (
				English,
				en,
				Base,
			);
			mainGroup = 93C4A29816A013F000D3C820;
			productRefGroup = 93C4A2A416A013F000D3C820 /* Products */;
			projectDirPath = "";
			projectRoot = "";
			targets = (
				93C4A2A216A013F000D3C820 /* tester */,
			);
		};
/* End PBXProject section */

/* Begin PBXResourcesBuildPhase section */
		93C4A2A116A013F000D3C820 /* Resources */ = {
			isa = PBXResourcesBuildPhase;
			buildActionMask = 2147483647;
			files = (
				93C4A2B216A013F000D3C820 /* InfoPlist.strings in Resources */,
				3CBA17F524B1A6C9001CF6DB /* LaunchScreen.storyboard in Resources */,
			);
			runOnlyForDeploymentPostprocessing = 0;
		};
/* End PBXResourcesBuildPhase section */

/* Begin PBXSourcesBuildPhase section */
		93C4A29F16A013F000D3C820 /* Sources */ = {
			isa = PBXSourcesBuildPhase;
			buildActionMask = 2147483647;
			files = (
				942515AD24AD0D7D00A8222C /* exprtk.cpp in Sources */,
				93C4A2B816A013F000D3C820 /* AppDelegate.mm in Sources */,
				93C4A2BB16A013F000D3C820 /* ViewController.mm in Sources */,
				9425157024AD00F400A8222C /* botan.cpp in Sources */,
				9425156824AD007D00A8222C /* experiments.cpp in Sources */,
				94EA1D7D24B19FD0005BD2C7 /* main.mm in Sources */,
				9425157A24AD010900A8222C /* http_client.cpp in Sources */,
				942515A824AD0A3200A8222C /* precompiler.cpp in Sources */,
				942515A024AD015800A8222C /* xml_xhtml.cpp in Sources */,
				9425156324AD007D00A8222C /* test_perf.cpp in Sources */,
				3CD4FDA224AF9DA100942565 /* DeviceConsole.m in Sources */,
				9425157B24AD010900A8222C /* tinyhttpd.cpp in Sources */,
				9425157C24AD010900A8222C /* tinyhttpd_fileserv.cpp in Sources */,
				744E721C25FC87F1004FADCF /* datagram_pump.cpp in Sources */,
				745F14AF25F0F5A7007F2059 /* test_inet.cpp in Sources */,
				9425156224AD007D00A8222C /* test_api.cpp in Sources */,
				9425159224AD013800A8222C /* file_dir.cpp in Sources */,
				9425156A24AD00C000A8222C /* lib_inc.c in Sources */,
				9425159024AD013800A8222C /* kernel.cpp in Sources */,
				9425156724AD007D00A8222C /* test_http.cpp in Sources */,
				942515AA24AD0AAB00A8222C /* test_ext.cpp in Sources */,
				9425156C24AD00D500A8222C /* experiments.cpp in Sources */,
				9455454A24BAD6F9009A9796 /* rocksdb.cpp in Sources */,
				942515A124AD015800A8222C /* json.cpp in Sources */,
				9425157D24AD010900A8222C /* inet.cpp in Sources */,
				9425159424AD013800A8222C /* file_zip.cpp in Sources */,
				9425156424AD007D00A8222C /* test_botan.cpp in Sources */,
				9425156624AD007D00A8222C /* entrypoint.cpp in Sources */,
				9425159324AD013800A8222C /* kernal_encode.cpp in Sources */,
				9425159524AD013800A8222C /* kernel_log.cpp in Sources */,
				9425158F24AD013800A8222C /* user_inputs.cpp in Sources */,
				9425159124AD013800A8222C /* multi_thread.cpp in Sources */,
				9425158E24AD013800A8222C /* objc_wrap.mm in Sources */,
			);
			runOnlyForDeploymentPostprocessing = 0;
		};
/* End PBXSourcesBuildPhase section */

/* Begin PBXVariantGroup section */
		93C4A2B016A013F000D3C820 /* InfoPlist.strings */ = {
			isa = PBXVariantGroup;
			children = (
				93C4A2B116A013F000D3C820 /* en */,
			);
			name = InfoPlist.strings;
			sourceTree = "<group>";
		};
/* End PBXVariantGroup section */

/* Begin XCBuildConfiguration section */
		93C4A2BF16A013F000D3C820 /* Debug */ = {
			isa = XCBuildConfiguration;
			buildSettings = {
				ALWAYS_SEARCH_USER_PATHS = NO;
				CLANG_CXX_LANGUAGE_STANDARD = "c++14";
				CLANG_CXX_LIBRARY = "libc++";
				CLANG_WARN_BOOL_CONVERSION = YES;
				CLANG_WARN_CONSTANT_CONVERSION = YES;
				CLANG_WARN_EMPTY_BODY = YES;
				CLANG_WARN_ENUM_CONVERSION = YES;
				CLANG_WARN_INT_CONVERSION = YES;
				CLANG_WARN__DUPLICATE_METHOD_MATCH = YES;
				"CODE_SIGN_IDENTITY[sdk=iphoneos*]" = "iPhone Developer";
				COPY_PHASE_STRIP = NO;
				GCC_C_LANGUAGE_STANDARD = gnu99;
				GCC_DYNAMIC_NO_PIC = NO;
				GCC_OPTIMIZATION_LEVEL = 0;
				GCC_PREPROCESSOR_DEFINITIONS = (
					"DEBUG=1",
					"$(inherited)",
					PLATFORM_APPLICATION,
				);
				GCC_SYMBOLS_PRIVATE_EXTERN = NO;
				GCC_VERSION = com.apple.compilers.llvm.clang.1_0;
				GCC_WARN_64_TO_32_BIT_CONVERSION = YES;
				GCC_WARN_ABOUT_RETURN_TYPE = YES;
				GCC_WARN_UNDECLARED_SELECTOR = YES;
				GCC_WARN_UNINITIALIZED_AUTOS = YES;
				GCC_WARN_UNUSED_FUNCTION = YES;
				GCC_WARN_UNUSED_VARIABLE = YES;
				IPHONEOS_DEPLOYMENT_TARGET = 12.0;
				ONLY_ACTIVE_ARCH = YES;
				SDKROOT = iphoneos;
			};
			name = Debug;
		};
		93C4A2C016A013F000D3C820 /* Release */ = {
			isa = XCBuildConfiguration;
			buildSettings = {
				ALWAYS_SEARCH_USER_PATHS = NO;
				CLANG_CXX_LANGUAGE_STANDARD = "c++14";
				CLANG_CXX_LIBRARY = "libc++";
				CLANG_WARN_BOOL_CONVERSION = YES;
				CLANG_WARN_CONSTANT_CONVERSION = YES;
				CLANG_WARN_EMPTY_BODY = YES;
				CLANG_WARN_ENUM_CONVERSION = YES;
				CLANG_WARN_INT_CONVERSION = YES;
				CLANG_WARN__DUPLICATE_METHOD_MATCH = YES;
				"CODE_SIGN_IDENTITY[sdk=iphoneos*]" = "iPhone Developer";
				COPY_PHASE_STRIP = YES;
				GCC_C_LANGUAGE_STANDARD = gnu99;
				GCC_PREPROCESSOR_DEFINITIONS = PLATFORM_APPLICATION;
				GCC_VERSION = com.apple.compilers.llvm.clang.1_0;
				GCC_WARN_64_TO_32_BIT_CONVERSION = YES;
				GCC_WARN_ABOUT_RETURN_TYPE = YES;
				GCC_WARN_UNDECLARED_SELECTOR = YES;
				GCC_WARN_UNINITIALIZED_AUTOS = YES;
				GCC_WARN_UNUSED_FUNCTION = YES;
				GCC_WARN_UNUSED_VARIABLE = YES;
				IPHONEOS_DEPLOYMENT_TARGET = 12.0;
				OTHER_CFLAGS = "-DNS_BLOCK_ASSERTIONS=1";
				SDKROOT = iphoneos;
				VALIDATE_PRODUCT = YES;
			};
			name = Release;
		};
		93C4A2C216A013F000D3C820 /* Debug */ = {
			isa = XCBuildConfiguration;
			buildSettings = {
				CLANG_CXX_LANGUAGE_STANDARD = "c++14";
				CLANG_CXX_LIBRARY = "libc++";
				CLANG_ENABLE_OBJC_WEAK = YES;
				CODE_SIGN_IDENTITY = "iPhone Developer";
				DEVELOPMENT_TEAM = S9Q5ACPK4D;
				GCC_PRECOMPILE_PREFIX_HEADER = YES;
				GCC_PREFIX_HEADER = "tester/tester-Prefix.pch";
				INFOPLIST_FILE = "tester/tester-Info.plist";
				IPHONEOS_DEPLOYMENT_TARGET = 12.0;
				PRODUCT_BUNDLE_IDENTIFIER = com.cpcf.test;
				PRODUCT_NAME = "$(TARGET_NAME)";
				TARGETED_DEVICE_FAMILY = "1,2";
				WRAPPER_EXTENSION = app;
			};
			name = Debug;
		};
		93C4A2C316A013F000D3C820 /* Release */ = {
			isa = XCBuildConfiguration;
			buildSettings = {
				CLANG_CXX_LANGUAGE_STANDARD = "c++14";
				CLANG_CXX_LIBRARY = "libc++";
				CLANG_ENABLE_OBJC_WEAK = YES;
				CODE_SIGN_IDENTITY = "iPhone Developer";
				DEVELOPMENT_TEAM = S9Q5ACPK4D;
				GCC_PRECOMPILE_PREFIX_HEADER = YES;
				GCC_PREFIX_HEADER = "tester/tester-Prefix.pch";
				INFOPLIST_FILE = "tester/tester-Info.plist";
				IPHONEOS_DEPLOYMENT_TARGET = 12.0;
				PRODUCT_BUNDLE_IDENTIFIER = com.cpcf.test;
				PRODUCT_NAME = "$(TARGET_NAME)";
				TARGETED_DEVICE_FAMILY = "1,2";
				WRAPPER_EXTENSION = app;
			};
			name = Release;
		};
/* End XCBuildConfiguration section */

/* Begin XCConfigurationList section */
		93C4A29D16A013F000D3C820 /* Build configuration list for PBXProject "tester" */ = {
			isa = XCConfigurationList;
			buildConfigurations = (
				93C4A2BF16A013F000D3C820 /* Debug */,
				93C4A2C016A013F000D3C820 /* Release */,
			);
			defaultConfigurationIsVisible = 0;
			defaultConfigurationName = Release;
		};
		93C4A2C116A013F000D3C820 /* Build configuration list for PBXNativeTarget "tester" */ = {
			isa = XCConfigurationList;
			buildConfigurations = (
				93C4A2C216A013F000D3C820 /* Debug */,
				93C4A2C316A013F000D3C820 /* Release */,
			);
			defaultConfigurationIsVisible = 0;
			defaultConfigurationName = Release;
		};
/* End XCConfigurationList section */
	};
	rootObject = 93C4A29A16A013F000D3C820 /* Project object */;
}
